PODS:
  - IBAnimatable (3.0)
  - Material (2.0.0)

DEPENDENCIES:
  - IBAnimatable
  - Material

SPEC CHECKSUMS:
  IBAnimatable: 5ac8e4c9f879e1840041362e41f7728bbbf16b35
  Material: 0ee6fc85d5b5db6ad22afd3c59edccf21024714e

PODFILE CHECKSUM: 6708aef9e3b510342469e8c07f05708cf617974c

COCOAPODS: 1.1.0.rc.2
