// !$*UTF8*$!
{
	archiveVersion = 1;
	classes = {
	};
	objectVersion = 46;
	objects = {

/* Begin PBXBuildFile section */
		32AC8DEFEBA0809E7B8D6C53 /* Pods_IBPresentation.framework in Frameworks */ = {isa = PBXBuildFile; fileRef = 9CB5F1192DD15FAAB8186125 /* Pods_IBPresentation.framework */; };
		AE4BEC291DA4FC1B00CD1B1E /* PopViewController.swift in Sources */ = {isa = PBXBuildFile; fileRef = AE4BEC281DA4FC1B00CD1B1E /* PopViewController.swift */; };
		AE541B971D65A3C3008B0613 /* ProtocolsViewController.swift in Sources */ = {isa = PBXBuildFile; fileRef = AE541B961D65A3C3008B0613 /* ProtocolsViewController.swift */; };
		AE688EC61D9A9D2B004A4105 /* ButtonsViewController.swift in Sources */ = {isa = PBXBuildFile; fileRef = AE688EC51D9A9D2B004A4105 /* ButtonsViewController.swift */; };
		AE688EC81D9A9E70004A4105 /* AnimatableRaisedButton.swift in Sources */ = {isa = PBXBuildFile; fileRef = AE688EC71D9A9E70004A4105 /* AnimatableRaisedButton.swift */; };
		AEEB244E1D5C70C0008345F5 /* AppDelegate.swift in Sources */ = {isa = PBXBuildFile; fileRef = AEEB244D1D5C70C0008345F5 /* AppDelegate.swift */; };
		AEEB24531D5C70C0008345F5 /* Main.storyboard in Resources */ = {isa = PBXBuildFile; fileRef = AEEB24511D5C70C0008345F5 /* Main.storyboard */; };
		AEEB24551D5C70C1008345F5 /* Assets.xcassets in Resources */ = {isa = PBXBuildFile; fileRef = AEEB24541D5C70C1008345F5 /* Assets.xcassets */; };
		AEEB24581D5C70C1008345F5 /* LaunchScreen.storyboard in Resources */ = {isa = PBXBuildFile; fileRef = AEEB24561D5C70C1008345F5 /* LaunchScreen.storyboard */; };
		AEF900ED1D5E011E008C146E /* DesignerNewsViewController.swift in Sources */ = {isa = PBXBuildFile; fileRef = AEF900EC1D5E011E008C146E /* DesignerNewsViewController.swift */; };
		AEFB091B1D688C8F008354E2 /* PokeBallViewController.swift in Sources */ = {isa = PBXBuildFile; fileRef = AEFB091A1D688C8F008354E2 /* PokeBallViewController.swift */; };
/* End PBXBuildFile section */

/* Begin PBXFileReference section */
		0139D061419BAA0193E187ED /* Pods-IBPresentation.release.xcconfig */ = {isa = PBXFileReference; includeInIndex = 1; lastKnownFileType = text.xcconfig; name = "Pods-IBPresentation.release.xcconfig"; path = "Pods/Target Support Files/Pods-IBPresentation/Pods-IBPresentation.release.xcconfig"; sourceTree = "<group>"; };
		6EB04F1D9B2186EF4007264A /* Pods-IBPresentation.debug.xcconfig */ = {isa = PBXFileReference; includeInIndex = 1; lastKnownFileType = text.xcconfig; name = "Pods-IBPresentation.debug.xcconfig"; path = "Pods/Target Support Files/Pods-IBPresentation/Pods-IBPresentation.debug.xcconfig"; sourceTree = "<group>"; };
		9CB5F1192DD15FAAB8186125 /* Pods_IBPresentation.framework */ = {isa = PBXFileReference; explicitFileType = wrapper.framework; includeInIndex = 0; path = Pods_IBPresentation.framework; sourceTree = BUILT_PRODUCTS_DIR; };
		AE4BEC281DA4FC1B00CD1B1E /* PopViewController.swift */ = {isa = PBXFileReference; fileEncoding = 4; lastKnownFileType = sourcecode.swift; path = PopViewController.swift; sourceTree = "<group>"; };
		AE541B961D65A3C3008B0613 /* ProtocolsViewController.swift */ = {isa = PBXFileReference; fileEncoding = 4; lastKnownFileType = sourcecode.swift; path = ProtocolsViewController.swift; sourceTree = "<group>"; };
		AE688EC51D9A9D2B004A4105 /* ButtonsViewController.swift */ = {isa = PBXFileReference; fileEncoding = 4; lastKnownFileType = sourcecode.swift; path = ButtonsViewController.swift; sourceTree = "<group>"; };
		AE688EC71D9A9E70004A4105 /* AnimatableRaisedButton.swift */ = {isa = PBXFileReference; fileEncoding = 4; lastKnownFileType = sourcecode.swift; path = AnimatableRaisedButton.swift; sourceTree = "<group>"; };
		AEEB244A1D5C70C0008345F5 /* IBPresentation.app */ = {isa = PBXFileReference; explicitFileType = wrapper.application; includeInIndex = 0; path = IBPresentation.app; sourceTree = BUILT_PRODUCTS_DIR; };
		AEEB244D1D5C70C0008345F5 /* AppDelegate.swift */ = {isa = PBXFileReference; lastKnownFileType = sourcecode.swift; path = AppDelegate.swift; sourceTree = "<group>"; };
		AEEB24521D5C70C0008345F5 /* Base */ = {isa = PBXFileReference; lastKnownFileType = file.storyboard; name = Base; path = Base.lproj/Main.storyboard; sourceTree = "<group>"; };
		AEEB24541D5C70C1008345F5 /* Assets.xcassets */ = {isa = PBXFileReference; lastKnownFileType = folder.assetcatalog; path = Assets.xcassets; sourceTree = "<group>"; };
		AEEB24571D5C70C1008345F5 /* Base */ = {isa = PBXFileReference; lastKnownFileType = file.storyboard; name = Base; path = Base.lproj/LaunchScreen.storyboard; sourceTree = "<group>"; };
		AEEB24591D5C70C1008345F5 /* Info.plist */ = {isa = PBXFileReference; lastKnownFileType = text.plist.xml; path = Info.plist; sourceTree = "<group>"; };
		AEF900EC1D5E011E008C146E /* DesignerNewsViewController.swift */ = {isa = PBXFileReference; fileEncoding = 4; lastKnownFileType = sourcecode.swift; path = DesignerNewsViewController.swift; sourceTree = "<group>"; };
		AEFB091A1D688C8F008354E2 /* PokeBallViewController.swift */ = {isa = PBXFileReference; fileEncoding = 4; lastKnownFileType = sourcecode.swift; path = PokeBallViewController.swift; sourceTree = "<group>"; };
/* End PBXFileReference section */

/* Begin PBXFrameworksBuildPhase section */
		AEEB24471D5C70C0008345F5 /* Frameworks */ = {
			isa = PBXFrameworksBuildPhase;
			buildActionMask = 2147483647;
			files = (
				32AC8DEFEBA0809E7B8D6C53 /* Pods_IBPresentation.framework in Frameworks */,
			);
			runOnlyForDeploymentPostprocessing = 0;
		};
/* End PBXFrameworksBuildPhase section */

/* Begin PBXGroup section */
		53FFF975103456A185DFE2DB /* Frameworks */ = {
			isa = PBXGroup;
			children = (
				9CB5F1192DD15FAAB8186125 /* Pods_IBPresentation.framework */,
			);
			name = Frameworks;
			sourceTree = "<group>";
		};
		AEEB24411D5C70C0008345F5 = {
			isa = PBXGroup;
			children = (
				AEEB244C1D5C70C0008345F5 /* IBPresentation */,
				AEEB244B1D5C70C0008345F5 /* Products */,
				CCEE48B9D0F8601BA44DDC3E /* Pods */,
				53FFF975103456A185DFE2DB /* Frameworks */,
			);
			sourceTree = "<group>";
		};
		AEEB244B1D5C70C0008345F5 /* Products */ = {
			isa = PBXGroup;
			children = (
				AEEB244A1D5C70C0008345F5 /* IBPresentation.app */,
			);
			name = Products;
			sourceTree = "<group>";
		};
		AEEB244C1D5C70C0008345F5 /* IBPresentation */ = {
			isa = PBXGroup;
			children = (
				AEEB244D1D5C70C0008345F5 /* AppDelegate.swift */,
				AEF900EC1D5E011E008C146E /* DesignerNewsViewController.swift */,
				AE541B961D65A3C3008B0613 /* ProtocolsViewController.swift */,
				AEFB091A1D688C8F008354E2 /* PokeBallViewController.swift */,
				AE4BEC281DA4FC1B00CD1B1E /* PopViewController.swift */,
				AE688EC51D9A9D2B004A4105 /* ButtonsViewController.swift */,
				AE688EC71D9A9E70004A4105 /* AnimatableRaisedButton.swift */,
				AEEB24511D5C70C0008345F5 /* Main.storyboard */,
				AEEB24541D5C70C1008345F5 /* Assets.xcassets */,
				AEEB24561D5C70C1008345F5 /* LaunchScreen.storyboard */,
				AEEB24591D5C70C1008345F5 /* Info.plist */,
			);
			path = IBPresentation;
			sourceTree = "<group>";
		};
		CCEE48B9D0F8601BA44DDC3E /* Pods */ = {
			isa = PBXGroup;
			children = (
				6EB04F1D9B2186EF4007264A /* Pods-IBPresentation.debug.xcconfig */,
				0139D061419BAA0193E187ED /* Pods-IBPresentation.release.xcconfig */,
			);
			name = Pods;
			sourceTree = "<group>";
		};
/* End PBXGroup section */

/* Begin PBXNativeTarget section */
		AEEB24491D5C70C0008345F5 /* IBPresentation */ = {
			isa = PBXNativeTarget;
			buildConfigurationList = AEEB245C1D5C70C1008345F5 /* Build configuration list for PBXNativeTarget "IBPresentation" */;
			buildPhases = (
				5B5C84DD6DB9E8830407792B /* [CP] Check Pods Manifest.lock */,
				AEEB24461D5C70C0008345F5 /* Sources */,
				AEEB24471D5C70C0008345F5 /* Frameworks */,
				AEEB24481D5C70C0008345F5 /* Resources */,
				0031BD6DA2C7BA448796231A /* [CP] Embed Pods Frameworks */,
				5E36C4202BAEA579E5A180B9 /* [CP] Copy Pods Resources */,
			);
			buildRules = (
			);
			dependencies = (
			);
			name = IBPresentation;
			productName = IBPresentation;
			productReference = AEEB244A1D5C70C0008345F5 /* IBPresentation.app */;
			productType = "com.apple.product-type.application";
		};
/* End PBXNativeTarget section */

/* Begin PBXProject section */
		AEEB24421D5C70C0008345F5 /* Project object */ = {
			isa = PBXProject;
			attributes = {
				LastSwiftUpdateCheck = 0730;
				LastUpgradeCheck = 0800;
				ORGANIZATIONNAME = "Jake Lin";
				TargetAttributes = {
					AEEB24491D5C70C0008345F5 = {
						CreatedOnToolsVersion = 7.3.1;
						LastSwiftMigration = 0800;
					};
				};
			};
			buildConfigurationList = AEEB24451D5C70C0008345F5 /* Build configuration list for PBXProject "IBPresentation" */;
			compatibilityVersion = "Xcode 3.2";
			developmentRegion = English;
			hasScannedForEncodings = 0;
			knownRegions = (
				en,
				Base,
			);
			mainGroup = AEEB24411D5C70C0008345F5;
			productRefGroup = AEEB244B1D5C70C0008345F5 /* Products */;
			projectDirPath = "";
			projectRoot = "";
			targets = (
				AEEB24491D5C70C0008345F5 /* IBPresentation */,
			);
		};
/* End PBXProject section */

/* Begin PBXResourcesBuildPhase section */
		AEEB24481D5C70C0008345F5 /* Resources */ = {
			isa = PBXResourcesBuildPhase;
			buildActionMask = 2147483647;
			files = (
				AEEB24581D5C70C1008345F5 /* LaunchScreen.storyboard in Resources */,
				AEEB24551D5C70C1008345F5 /* Assets.xcassets in Resources */,
				AEEB24531D5C70C0008345F5 /* Main.storyboard in Resources */,
			);
			runOnlyForDeploymentPostprocessing = 0;
		};
/* End PBXResourcesBuildPhase section */

/* Begin PBXShellScriptBuildPhase section */
		0031BD6DA2C7BA448796231A /* [CP] Embed Pods Frameworks */ = {
			isa = PBXShellScriptBuildPhase;
			buildActionMask = 2147483647;
			files = (
			);
			inputPaths = (
			);
			name = "[CP] Embed Pods Frameworks";
			outputPaths = (
			);
			runOnlyForDeploymentPostprocessing = 0;
			shellPath = /bin/sh;
			shellScript = "\"${SRCROOT}/Pods/Target Support Files/Pods-IBPresentation/Pods-IBPresentation-frameworks.sh\"\n";
			showEnvVarsInLog = 0;
		};
		5B5C84DD6DB9E8830407792B /* [CP] Check Pods Manifest.lock */ = {
			isa = PBXShellScriptBuildPhase;
			buildActionMask = 2147483647;
			files = (
			);
			inputPaths = (
			);
			name = "[CP] Check Pods Manifest.lock";
			outputPaths = (
			);
			runOnlyForDeploymentPostprocessing = 0;
			shellPath = /bin/sh;
			shellScript = "diff \"${PODS_ROOT}/../Podfile.lock\" \"${PODS_ROOT}/Manifest.lock\" > /dev/null\nif [ $? != 0 ] ; then\n    # print error to STDERR\n    echo \"error: The sandbox is not in sync with the Podfile.lock. Run 'pod install' or update your CocoaPods installation.\" >&2\n    exit 1\nfi\n";
			showEnvVarsInLog = 0;
		};
		5E36C4202BAEA579E5A180B9 /* [CP] Copy Pods Resources */ = {
			isa = PBXShellScriptBuildPhase;
			buildActionMask = 2147483647;
			files = (
			);
			inputPaths = (
			);
			name = "[CP] Copy Pods Resources";
			outputPaths = (
			);
			runOnlyForDeploymentPostprocessing = 0;
			shellPath = /bin/sh;
			shellScript = "\"${SRCROOT}/Pods/Target Support Files/Pods-IBPresentation/Pods-IBPresentation-resources.sh\"\n";
			showEnvVarsInLog = 0;
		};
/* End PBXShellScriptBuildPhase section */

/* Begin PBXSourcesBuildPhase section */
		AEEB24461D5C70C0008345F5 /* Sources */ = {
			isa = PBXSourcesBuildPhase;
			buildActionMask = 2147483647;
			files = (
				AEFB091B1D688C8F008354E2 /* PokeBallViewController.swift in Sources */,
				AE688EC81D9A9E70004A4105 /* AnimatableRaisedButton.swift in Sources */,
				AE4BEC291DA4FC1B00CD1B1E /* PopViewController.swift in Sources */,
				AEEB244E1D5C70C0008345F5 /* AppDelegate.swift in Sources */,
				AE688EC61D9A9D2B004A4105 /* ButtonsViewController.swift in Sources */,
				AEF900ED1D5E011E008C146E /* DesignerNewsViewController.swift in Sources */,
				AE541B971D65A3C3008B0613 /* ProtocolsViewController.swift in Sources */,
			);
			runOnlyForDeploymentPostprocessing = 0;
		};
/* End PBXSourcesBuildPhase section */

/* Begin PBXVariantGroup section */
		AEEB24511D5C70C0008345F5 /* Main.storyboard */ = {
			isa = PBXVariantGroup;
			children = (
				AEEB24521D5C70C0008345F5 /* Base */,
			);
			name = Main.storyboard;
			sourceTree = "<group>";
		};
		AEEB24561D5C70C1008345F5 /* LaunchScreen.storyboard */ = {
			isa = PBXVariantGroup;
			children = (
				AEEB24571D5C70C1008345F5 /* Base */,
			);
			name = LaunchScreen.storyboard;
			sourceTree = "<group>";
		};
/* End PBXVariantGroup section */

/* Begin XCBuildConfiguration section */
		AEEB245A1D5C70C1008345F5 /* Debug */ = {
			isa = XCBuildConfiguration;
			buildSettings = {
				ALWAYS_SEARCH_USER_PATHS = NO;
				CLANG_ANALYZER_NONNULL = YES;
				CLANG_CXX_LANGUAGE_STANDARD = "gnu++0x";
				CLANG_CXX_LIBRARY = "libc++";
				CLANG_ENABLE_MODULES = YES;
				CLANG_ENABLE_OBJC_ARC = YES;
				CLANG_WARN_BOOL_CONVERSION = YES;
				CLANG_WARN_CONSTANT_CONVERSION = YES;
				CLANG_WARN_DIRECT_OBJC_ISA_USAGE = YES_ERROR;
				CLANG_WARN_EMPTY_BODY = YES;
				CLANG_WARN_ENUM_CONVERSION = YES;
				CLANG_WARN_INFINITE_RECURSION = YES;
				CLANG_WARN_INT_CONVERSION = YES;
				CLANG_WARN_OBJC_ROOT_CLASS = YES_ERROR;
				CLANG_WARN_SUSPICIOUS_MOVE = YES;
				CLANG_WARN_UNREACHABLE_CODE = YES;
				CLANG_WARN__DUPLICATE_METHOD_MATCH = YES;
				"CODE_SIGN_IDENTITY[sdk=iphoneos*]" = "iPhone Developer";
				COPY_PHASE_STRIP = NO;
				DEBUG_INFORMATION_FORMAT = dwarf;
				ENABLE_STRICT_OBJC_MSGSEND = YES;
				ENABLE_TESTABILITY = YES;
				GCC_C_LANGUAGE_STANDARD = gnu99;
				GCC_DYNAMIC_NO_PIC = NO;
				GCC_NO_COMMON_BLOCKS = YES;
				GCC_OPTIMIZATION_LEVEL = 0;
				GCC_PREPROCESSOR_DEFINITIONS = (
					"DEBUG=1",
					"$(inherited)",
				);
				GCC_WARN_64_TO_32_BIT_CONVERSION = YES;
				GCC_WARN_ABOUT_RETURN_TYPE = YES_ERROR;
				GCC_WARN_UNDECLARED_SELECTOR = YES;
				GCC_WARN_UNINITIALIZED_AUTOS = YES_AGGRESSIVE;
				GCC_WARN_UNUSED_FUNCTION = YES;
				GCC_WARN_UNUSED_VARIABLE = YES;
				IPHONEOS_DEPLOYMENT_TARGET = 10.0;
				MTL_ENABLE_DEBUG_INFO = YES;
				ONLY_ACTIVE_ARCH = YES;
				SDKROOT = iphoneos;
				SWIFT_OPTIMIZATION_LEVEL = "-Onone";
				TARGETED_DEVICE_FAMILY = 2;
			};
			name = Debug;
		};
		AEEB245B1D5C70C1008345F5 /* Release */ = {
			isa = XCBuildConfiguration;
			buildSettings = {
				ALWAYS_SEARCH_USER_PATHS = NO;
				CLANG_ANALYZER_NONNULL = YES;
				CLANG_CXX_LANGUAGE_STANDARD = "gnu++0x";
				CLANG_CXX_LIBRARY = "libc++";
				CLANG_ENABLE_MODULES = YES;
				CLANG_ENABLE_OBJC_ARC = YES;
				CLANG_WARN_BOOL_CONVERSION = YES;
				CLANG_WARN_CONSTANT_CONVERSION = YES;
				CLANG_WARN_DIRECT_OBJC_ISA_USAGE = YES_ERROR;
				CLANG_WARN_EMPTY_BODY = YES;
				CLANG_WARN_ENUM_CONVERSION = YES;
				CLANG_WARN_INFINITE_RECURSION = YES;
				CLANG_WARN_INT_CONVERSION = YES;
				CLANG_WARN_OBJC_ROOT_CLASS = YES_ERROR;
				CLANG_WARN_SUSPICIOUS_MOVE = YES;
				CLANG_WARN_UNREACHABLE_CODE = YES;
				CLANG_WARN__DUPLICATE_METHOD_MATCH = YES;
				"CODE_SIGN_IDENTITY[sdk=iphoneos*]" = "iPhone Developer";
				COPY_PHASE_STRIP = NO;
				DEBUG_INFORMATION_FORMAT = "dwarf-with-dsym";
				ENABLE_NS_ASSERTIONS = NO;
				ENABLE_STRICT_OBJC_MSGSEND = YES;
				GCC_C_LANGUAGE_STANDARD = gnu99;
				GCC_NO_COMMON_BLOCKS = YES;
				GCC_WARN_64_TO_32_BIT_CONVERSION = YES;
				GCC_WARN_ABOUT_RETURN_TYPE = YES_ERROR;
				GCC_WARN_UNDECLARED_SELECTOR = YES;
				GCC_WARN_UNINITIALIZED_AUTOS = YES_AGGRESSIVE;
				GCC_WARN_UNUSED_FUNCTION = YES;
				GCC_WARN_UNUSED_VARIABLE = YES;
				IPHONEOS_DEPLOYMENT_TARGET = 10.0;
				MTL_ENABLE_DEBUG_INFO = NO;
				SDKROOT = iphoneos;
				SWIFT_OPTIMIZATION_LEVEL = "-Owholemodule";
				TARGETED_DEVICE_FAMILY = 2;
				VALIDATE_PRODUCT = YES;
			};
			name = Release;
		};
		AEEB245D1D5C70C1008345F5 /* Debug */ = {
			isa = XCBuildConfiguration;
			baseConfigurationReference = 6EB04F1D9B2186EF4007264A /* Pods-IBPresentation.debug.xcconfig */;
			buildSettings = {
				ALWAYS_EMBED_SWIFT_STANDARD_LIBRARIES = YES;
				ASSETCATALOG_COMPILER_APPICON_NAME = AppIcon;
				INFOPLIST_FILE = IBPresentation/Info.plist;
				LD_RUNPATH_SEARCH_PATHS = "$(inherited) @executable_path/Frameworks";
				PRODUCT_BUNDLE_IDENTIFIER = JakeLin.IBPresentation;
				PRODUCT_NAME = "$(TARGET_NAME)";
				SWIFT_VERSION = 3.0;
			};
			name = Debug;
		};
		AEEB245E1D5C70C1008345F5 /* Release */ = {
			isa = XCBuildConfiguration;
			baseConfigurationReference = 0139D061419BAA0193E187ED /* Pods-IBPresentation.release.xcconfig */;
			buildSettings = {
				ALWAYS_EMBED_SWIFT_STANDARD_LIBRARIES = YES;
				ASSETCATALOG_COMPILER_APPICON_NAME = AppIcon;
				INFOPLIST_FILE = IBPresentation/Info.plist;
				LD_RUNPATH_SEARCH_PATHS = "$(inherited) @executable_path/Frameworks";
				PRODUCT_BUNDLE_IDENTIFIER = JakeLin.IBPresentation;
				PRODUCT_NAME = "$(TARGET_NAME)";
				SWIFT_VERSION = 3.0;
			};
			name = Release;
		};
/* End XCBuildConfiguration section */

/* Begin XCConfigurationList section */
		AEEB24451D5C70C0008345F5 /* Build configuration list for PBXProject "IBPresentation" */ = {
			isa = XCConfigurationList;
			buildConfigurations = (
				AEEB245A1D5C70C1008345F5 /* Debug */,
				AEEB245B1D5C70C1008345F5 /* Release */,
			);
			defaultConfigurationIsVisible = 0;
			defaultConfigurationName = Release;
		};
		AEEB245C1D5C70C1008345F5 /* Build configuration list for PBXNativeTarget "IBPresentation" */ = {
			isa = XCConfigurationList;
			buildConfigurations = (
				AEEB245D1D5C70C1008345F5 /* Debug */,
				AEEB245E1D5C70C1008345F5 /* Release */,
			);
			defaultConfigurationIsVisible = 0;
			defaultConfigurationName = Release;
		};
/* End XCConfigurationList section */
	};
	rootObject = AEEB24421D5C70C0008345F5 /* Project object */;
}
